
Microsoft Visual Studio Solution File, Format Version 12.00
# Visual Studio Version 17
VisualStudioVersion = 17.10.35013.160
MinimumVisualStudioVersion = 10.0.40219.1
Project("{FAE04EC0-301F-11D3-BF4B-00C04F79EFBC}") = "GridCalculations", "GridCalculations\GridCalculations.csproj", "{538F38E2-57E0-4AD1-A7C5-638721F38439}"
EndProject
Global
	GlobalSection(SolutionConfigurationPlatforms) = preSolution
		Debug|Any CPU = Debug|Any CPU
		Release|Any CPU = Release|Any CPU
	EndGlobalSection
	GlobalSection(ProjectConfigurationPlatforms) = postSolution
		{538F38E2-57E0-4AD1-A7C5-638721F38439}.Debug|Any CPU.ActiveCfg = Debug|Any CPU
		{538F38E2-57E0-4AD1-A7C5-638721F38439}.Debug|Any CPU.Build.0 = Debug|Any CPU
		{538F38E2-57E0-4AD1-A7C5-638721F38439}.Release|Any CPU.ActiveCfg = Release|Any CPU
		{538F38E2-57E0-4AD1-A7C5-638721F38439}.Release|Any CPU.Build.0 = Release|Any CPU
	EndGlobalSection
	GlobalSection(SolutionProperties) = preSolution
		HideSolutionNode = FALSE
	EndGlobalSection
	GlobalSection(ExtensibilityGlobals) = postSolution
		SolutionGuid = {D5BA7A39-6866-42D1-A677-7144E225B26B}
	EndGlobalSection
EndGlobal
